
Microsoft Visual Studio Solution File, Format Version 12.00
Project("{FAE04EC0-301F-11D3-BF4B-00C04F79EFBC}") = "Equals", "Equals\Equals.csproj", "{3EDB0ACD-D57C-4EB8-8540-1C5976D58E2B}"
EndProject
Global
	GlobalSection(SolutionConfigurationPlatforms) = preSolution
		Debug|Any CPU = Debug|Any CPU
		Release|Any CPU = Release|Any CPU
	EndGlobalSection
	GlobalSection(ProjectConfigurationPlatforms) = postSolution
		{3EDB0ACD-D57C-4EB8-8540-1C5976D58E2B}.Debug|Any CPU.ActiveCfg = Debug|Any CPU
		{3EDB0ACD-D57C-4EB8-8540-1C5976D58E2B}.Debug|Any CPU.Build.0 = Debug|Any CPU
		{3EDB0ACD-D57C-4EB8-8540-1C5976D58E2B}.Release|Any CPU.ActiveCfg = Release|Any CPU
		{3EDB0ACD-D57C-4EB8-8540-1C5976D58E2B}.Release|Any CPU.Build.0 = Release|Any CPU
	EndGlobalSection
EndGlobal
